{
  "originHash" : "5d494e28a90dc52d52d3a34c57f35e96d13407fbbe1efacabfc6b33c138ba718",
  "pins" : [
    {
      "identity" : "diceview3d",
      "kind" : "remoteSourceControl",
      "location" : "https://github.com/mjdavy/DiceView3D.git",
      "state" : {
        "branch" : "main",
        "revision" : "f3f510be4c7498ff94a7101f506eb5bc79f14499"
      }
    }
  ],
  "version" : 3
}
