{
  "originHash" : "5d494e28a90dc52d52d3a34c57f35e96d13407fbbe1efacabfc6b33c138ba718",
  "pins" : [
    {
      "identity" : "diceview3d",
      "kind" : "remoteSourceControl",
      "location" : "https://github.com/mjdavy/DiceView3D.git",
      "state" : {
        "branch" : "main",
        "revision" : "75c8c4c4057d4dc85b49f616e9a7381fa8e7f4c9"
      }
    }
  ],
  "version" : 3
}
